
Microsoft Visual Studio Solution File, Format Version 12.00
# Visual Studio Version 17
VisualStudioVersion = 17.7.34018.315
MinimumVisualStudioVersion = 10.0.40219.1
Project("{FAE04EC0-301F-11D3-BF4B-00C04F79EFBC}") = "SpecialTask.WebApi", "SpecialTask.WebApi\SpecialTask.WebApi.csproj", "{7EAA708E-077E-412D-A3AD-3F22326863C9}"
EndProject
Global
	GlobalSection(SolutionConfigurationPlatforms) = preSolution
		Debug|Any CPU = Debug|Any CPU
		Release|Any CPU = Release|Any CPU
	EndGlobalSection
	GlobalSection(ProjectConfigurationPlatforms) = postSolution
		{7EAA708E-077E-412D-A3AD-3F22326863C9}.Debug|Any CPU.ActiveCfg = Debug|Any CPU
		{7EAA708E-077E-412D-A3AD-3F22326863C9}.Debug|Any CPU.Build.0 = Debug|Any CPU
		{7EAA708E-077E-412D-A3AD-3F22326863C9}.Release|Any CPU.ActiveCfg = Release|Any CPU
		{7EAA708E-077E-412D-A3AD-3F22326863C9}.Release|Any CPU.Build.0 = Release|Any CPU
	EndGlobalSection
	GlobalSection(SolutionProperties) = preSolution
		HideSolutionNode = FALSE
	EndGlobalSection
	GlobalSection(ExtensibilityGlobals) = postSolution
		SolutionGuid = {EB52792B-23BB-4614-BD4A-043E41FF807D}
	EndGlobalSection
EndGlobal
